
Microsoft Visual Studio Solution File, Format Version 12.00
# Visual Studio 14
VisualStudioVersion = 14.0.25123.0
MinimumVisualStudioVersion = 10.0.40219.1
Project("{635BAF4D-02F4-4DED-8D57-9D2F00AAEA94}") = "Sitecore.Support.9122", "Sitecore.Support.9122\Sitecore.Support.9122.csproj", "{2E6CE828-B58B-476D-8213-BD1B6CE47743}"
EndProject
Global
	GlobalSection(SolutionConfigurationPlatforms) = preSolution
		Debug|Any CPU = Debug|Any CPU
		Release|Any CPU = Release|Any CPU
	EndGlobalSection
	GlobalSection(ProjectConfigurationPlatforms) = postSolution
		{2E6CE828-B58B-476D-8213-BD1B6CE47743}.Debug|Any CPU.ActiveCfg = Debug|Any CPU
		{2E6CE828-B58B-476D-8213-BD1B6CE47743}.Debug|Any CPU.Build.0 = Debug|Any CPU
		{2E6CE828-B58B-476D-8213-BD1B6CE47743}.Release|Any CPU.ActiveCfg = Release|Any CPU
		{2E6CE828-B58B-476D-8213-BD1B6CE47743}.Release|Any CPU.Build.0 = Release|Any CPU
	EndGlobalSection
	GlobalSection(SolutionProperties) = preSolution
		HideSolutionNode = FALSE
	EndGlobalSection
EndGlobal
